// !$*UTF8*$!
{
	archiveVersion = 1;
	classes = {
	};
	objectVersion = 56;
	objects = {

/* Begin PBXBuildFile section */
		7607E1DA2C8033D4008181D0 /* ShoppingCategory.swift in Sources */ = {isa = PBXBuildFile; fileRef = 7607E1D92C8033D4008181D0 /* ShoppingCategory.swift */; };
		7607E1DC2C8071F7008181D0 /* PaymentValidation.swift in Sources */ = {isa = PBXBuildFile; fileRef = 7607E1DB2C8071F7008181D0 /* PaymentValidation.swift */; };
		7607E1DE2C8072FF008181D0 /* PaymentModel.swift in Sources */ = {isa = PBXBuildFile; fileRef = 7607E1DD2C8072FF008181D0 /* PaymentModel.swift */; };
		7634243B2C80838800AC40D1 /* Toast in Frameworks */ = {isa = PBXBuildFile; productRef = 7634243A2C80838800AC40D1 /* Toast */; };
		76560CA52C7EE45600B0D7F2 /* PostViewController.swift in Sources */ = {isa = PBXBuildFile; fileRef = 76560CA42C7EE45600B0D7F2 /* PostViewController.swift */; };
		76560CA72C7EE45F00B0D7F2 /* ShoppingViewController.swift in Sources */ = {isa = PBXBuildFile; fileRef = 76560CA62C7EE45F00B0D7F2 /* ShoppingViewController.swift */; };
		76560CAB2C7EE5A400B0D7F2 /* ShoppingTableViewCell.swift in Sources */ = {isa = PBXBuildFile; fileRef = 76560CAA2C7EE5A400B0D7F2 /* ShoppingTableViewCell.swift */; };
		76560CAD2C7EE61600B0D7F2 /* ShoppingCollectionViewCell.swift in Sources */ = {isa = PBXBuildFile; fileRef = 76560CAC2C7EE61600B0D7F2 /* ShoppingCollectionViewCell.swift */; };
		76560CAF2C7EE94D00B0D7F2 /* ShoppingModel.swift in Sources */ = {isa = PBXBuildFile; fileRef = 76560CAE2C7EE94D00B0D7F2 /* ShoppingModel.swift */; };
		76560CB12C7EEF0100B0D7F2 /* ShoppingViewModel.swift in Sources */ = {isa = PBXBuildFile; fileRef = 76560CB02C7EEF0100B0D7F2 /* ShoppingViewModel.swift */; };
		76560CB42C7F038D00B0D7F2 /* iamport-ios in Frameworks */ = {isa = PBXBuildFile; productRef = 76560CB32C7F038D00B0D7F2 /* iamport-ios */; };
		769F8A7D2C7D91B4000360D9 /* PinterestCompostionalLayout.swift in Sources */ = {isa = PBXBuildFile; fileRef = 769F8A7C2C7D91B4000360D9 /* PinterestCompostionalLayout.swift */; };
		769F8A802C7DB091000360D9 /* PhotoModel.swift in Sources */ = {isa = PBXBuildFile; fileRef = 769F8A7F2C7DB091000360D9 /* PhotoModel.swift */; };
		769F8A822C7DB150000360D9 /* PinterestCollectionViewCell.swift in Sources */ = {isa = PBXBuildFile; fileRef = 769F8A812C7DB150000360D9 /* PinterestCollectionViewCell.swift */; };
		769F8A842C7DB172000360D9 /* BaseCollectionViewCell.swift in Sources */ = {isa = PBXBuildFile; fileRef = 769F8A832C7DB172000360D9 /* BaseCollectionViewCell.swift */; };
		769F8A862C7DB2E7000360D9 /* CollectionViewModel.swift in Sources */ = {isa = PBXBuildFile; fileRef = 769F8A852C7DB2E7000360D9 /* CollectionViewModel.swift */; };
		76B0352F2C81627900074460 /* Junios.NMapSDKForSPM in Frameworks */ = {isa = PBXBuildFile; productRef = 76B0352E2C81627900074460 /* Junios.NMapSDKForSPM */; };
		76B035312C81700B00074460 /* MapModel.swift in Sources */ = {isa = PBXBuildFile; fileRef = 76B035302C81700B00074460 /* MapModel.swift */; };
		76B035342C81996100074460 /* MapViewController.swift in Sources */ = {isa = PBXBuildFile; fileRef = 76B035332C81996100074460 /* MapViewController.swift */; };
		76B035382C8199A100074460 /* MapViewModel.swift in Sources */ = {isa = PBXBuildFile; fileRef = 76B035372C8199A100074460 /* MapViewModel.swift */; };
		76B0353B2C81BC6C00074460 /* Location.swift in Sources */ = {isa = PBXBuildFile; fileRef = 76B0353A2C81BC6C00074460 /* Location.swift */; };
		76BDB0E72C7AF97700C43955 /* TabBar.swift in Sources */ = {isa = PBXBuildFile; fileRef = 76BDB0E62C7AF97700C43955 /* TabBar.swift */; };
		76BDB0E92C7AF98400C43955 /* TabBarViewController.swift in Sources */ = {isa = PBXBuildFile; fileRef = 76BDB0E82C7AF98400C43955 /* TabBarViewController.swift */; };
		76BDB0ED2C7AFA4400C43955 /* CollectionViewController.swift in Sources */ = {isa = PBXBuildFile; fileRef = 76BDB0EC2C7AFA4400C43955 /* CollectionViewController.swift */; };
		76BDB0EF2C7AFA5B00C43955 /* ProfileViewController.swift in Sources */ = {isa = PBXBuildFile; fileRef = 76BDB0EE2C7AFA5B00C43955 /* ProfileViewController.swift */; };
		76BDB0F12C7AFDD900C43955 /* BaseTableViewCell.swift in Sources */ = {isa = PBXBuildFile; fileRef = 76BDB0F02C7AFDD900C43955 /* BaseTableViewCell.swift */; };
		76BDB0F62C7AFE7F00C43955 /* SuggestionTableViewCell.swift in Sources */ = {isa = PBXBuildFile; fileRef = 76BDB0F52C7AFE7F00C43955 /* SuggestionTableViewCell.swift */; };
		76BDB0FB2C7B10C000C43955 /* UIView+.swift in Sources */ = {isa = PBXBuildFile; fileRef = 76BDB0FA2C7B10C000C43955 /* UIView+.swift */; };
		76BDB0FD2C7B10F000C43955 /* ReuseIdentifierProtocol.swift in Sources */ = {isa = PBXBuildFile; fileRef = 76BDB0FC2C7B10F000C43955 /* ReuseIdentifierProtocol.swift */; };
		76D371F92C6C98F20066AB0A /* AppDelegate.swift in Sources */ = {isa = PBXBuildFile; fileRef = 76D371F82C6C98F20066AB0A /* AppDelegate.swift */; };
		76D371FB2C6C98F20066AB0A /* SceneDelegate.swift in Sources */ = {isa = PBXBuildFile; fileRef = 76D371FA2C6C98F20066AB0A /* SceneDelegate.swift */; };
		76D372022C6C98F30066AB0A /* Assets.xcassets in Resources */ = {isa = PBXBuildFile; fileRef = 76D372012C6C98F30066AB0A /* Assets.xcassets */; };
		76D372052C6C98F30066AB0A /* Base in Resources */ = {isa = PBXBuildFile; fileRef = 76D372042C6C98F30066AB0A /* Base */; };
		76D3720D2C6C9A220066AB0A /* .gitignore in Resources */ = {isa = PBXBuildFile; fileRef = 76D3720C2C6C9A220066AB0A /* .gitignore */; };
		76D3720F2C6C9A770066AB0A /* APIKey.swift in Sources */ = {isa = PBXBuildFile; fileRef = 76D3720E2C6C9A770066AB0A /* APIKey.swift */; };
		76D60AD62C782E15008293D4 /* LoginViewController.swift in Sources */ = {isa = PBXBuildFile; fileRef = 76D60AD52C782E15008293D4 /* LoginViewController.swift */; };
		76D60AD92C782E2B008293D4 /* BaseViewController.swift in Sources */ = {isa = PBXBuildFile; fileRef = 76D60AD82C782E2B008293D4 /* BaseViewController.swift */; };
		76D60ADC2C782F03008293D4 /* BlackBorderTextField.swift in Sources */ = {isa = PBXBuildFile; fileRef = 76D60ADB2C782F03008293D4 /* BlackBorderTextField.swift */; };
		76D60ADE2C782F60008293D4 /* BlackBackgroundButton.swift in Sources */ = {isa = PBXBuildFile; fileRef = 76D60ADD2C782F60008293D4 /* BlackBackgroundButton.swift */; };
		76D60AE12C782FB3008293D4 /* SnapKit in Frameworks */ = {isa = PBXBuildFile; productRef = 76D60AE02C782FB3008293D4 /* SnapKit */; };
		76D60AE52C78302D008293D4 /* Constant.swift in Sources */ = {isa = PBXBuildFile; fileRef = 76D60AE42C78302D008293D4 /* Constant.swift */; };
		76D60AE72C78323C008293D4 /* RedColorLabel.swift in Sources */ = {isa = PBXBuildFile; fileRef = 76D60AE62C78323C008293D4 /* RedColorLabel.swift */; };
		76D60AEA2C783525008293D4 /* TargetType.swift in Sources */ = {isa = PBXBuildFile; fileRef = 76D60AE92C783525008293D4 /* TargetType.swift */; };
		76D60AED2C783540008293D4 /* Alamofire in Frameworks */ = {isa = PBXBuildFile; productRef = 76D60AEC2C783540008293D4 /* Alamofire */; };
		76D60AEF2C7835B9008293D4 /* Router.swift in Sources */ = {isa = PBXBuildFile; fileRef = 76D60AEE2C7835B9008293D4 /* Router.swift */; };
		76D60AF12C7836C9008293D4 /* Header.swift in Sources */ = {isa = PBXBuildFile; fileRef = 76D60AF02C7836C9008293D4 /* Header.swift */; };
		76D60AF42C783752008293D4 /* LoginQuery.swift in Sources */ = {isa = PBXBuildFile; fileRef = 76D60AF32C783752008293D4 /* LoginQuery.swift */; };
		76D60AF62C784118008293D4 /* NetworkManager.swift in Sources */ = {isa = PBXBuildFile; fileRef = 76D60AF52C784118008293D4 /* NetworkManager.swift */; };
		76D60AF92C784173008293D4 /* LoginModel.swift in Sources */ = {isa = PBXBuildFile; fileRef = 76D60AF82C784173008293D4 /* LoginModel.swift */; };
		76D60AFB2C7842B5008293D4 /* UserDefaultsManager.swift in Sources */ = {isa = PBXBuildFile; fileRef = 76D60AFA2C7842B5008293D4 /* UserDefaultsManager.swift */; };
		76D60AFF2C7846F8008293D4 /* LoginViewModel.swift in Sources */ = {isa = PBXBuildFile; fileRef = 76D60AFE2C7846F8008293D4 /* LoginViewModel.swift */; };
		76D60B022C78476E008293D4 /* RxCocoa in Frameworks */ = {isa = PBXBuildFile; productRef = 76D60B012C78476E008293D4 /* RxCocoa */; };
		76D60B042C78476E008293D4 /* RxSwift in Frameworks */ = {isa = PBXBuildFile; productRef = 76D60B032C78476E008293D4 /* RxSwift */; };
		76D60B062C7847C7008293D4 /* BaseViewModel.swift in Sources */ = {isa = PBXBuildFile; fileRef = 76D60B052C7847C7008293D4 /* BaseViewModel.swift */; };
		76D60B0D2C786E8F008293D4 /* SuggestionViewController.swift in Sources */ = {isa = PBXBuildFile; fileRef = 76D60B0C2C786E8F008293D4 /* SuggestionViewController.swift */; };
		76F85F1C2C7C4F0E00B98C2F /* UIColor+.swift in Sources */ = {isa = PBXBuildFile; fileRef = 76F85F1B2C7C4F0E00B98C2F /* UIColor+.swift */; };
		76F85F1E2C7C532F00B98C2F /* UIButton+.swift in Sources */ = {isa = PBXBuildFile; fileRef = 76F85F1D2C7C532F00B98C2F /* UIButton+.swift */; };
		76F85F202C7C636300B98C2F /* SuggestionViewModel.swift in Sources */ = {isa = PBXBuildFile; fileRef = 76F85F1F2C7C636300B98C2F /* SuggestionViewModel.swift */; };
		76F85F232C7C657000B98C2F /* PostCategory.swift in Sources */ = {isa = PBXBuildFile; fileRef = 76F85F222C7C657000B98C2F /* PostCategory.swift */; };
		76F85F252C7C686F00B98C2F /* PostContentModel.swift in Sources */ = {isa = PBXBuildFile; fileRef = 76F85F242C7C686F00B98C2F /* PostContentModel.swift */; };
		76F85F272C7C6D9E00B98C2F /* RefreshModel.swift in Sources */ = {isa = PBXBuildFile; fileRef = 76F85F262C7C6D9E00B98C2F /* RefreshModel.swift */; };
		76F85F2A2C7C71AD00B98C2F /* Kingfisher in Frameworks */ = {isa = PBXBuildFile; productRef = 76F85F292C7C71AD00B98C2F /* Kingfisher */; };
		76F85F2C2C7C728000B98C2F /* DateFormatterManager.swift in Sources */ = {isa = PBXBuildFile; fileRef = 76F85F2B2C7C728000B98C2F /* DateFormatterManager.swift */; };
		76F85F2E2C7C7E8F00B98C2F /* String+.swift in Sources */ = {isa = PBXBuildFile; fileRef = 76F85F2D2C7C7E8F00B98C2F /* String+.swift */; };
		76F85F322C7C820000B98C2F /* Kingfisher+.swift in Sources */ = {isa = PBXBuildFile; fileRef = 76F85F312C7C820000B98C2F /* Kingfisher+.swift */; };
		76F85F362C7CAB7D00B98C2F /* Coordinator.swift in Sources */ = {isa = PBXBuildFile; fileRef = 76F85F352C7CAB7D00B98C2F /* Coordinator.swift */; };
		76F85F382C7CAE4900B98C2F /* UILabel+.swift in Sources */ = {isa = PBXBuildFile; fileRef = 76F85F372C7CAE4900B98C2F /* UILabel+.swift */; };
/* End PBXBuildFile section */

/* Begin PBXFileReference section */
		7607E1D92C8033D4008181D0 /* ShoppingCategory.swift */ = {isa = PBXFileReference; lastKnownFileType = sourcecode.swift; path = ShoppingCategory.swift; sourceTree = "<group>"; };
		7607E1DB2C8071F7008181D0 /* PaymentValidation.swift */ = {isa = PBXFileReference; lastKnownFileType = sourcecode.swift; path = PaymentValidation.swift; sourceTree = "<group>"; };
		7607E1DD2C8072FF008181D0 /* PaymentModel.swift */ = {isa = PBXFileReference; lastKnownFileType = sourcecode.swift; path = PaymentModel.swift; sourceTree = "<group>"; };
		76560CA42C7EE45600B0D7F2 /* PostViewController.swift */ = {isa = PBXFileReference; lastKnownFileType = sourcecode.swift; path = PostViewController.swift; sourceTree = "<group>"; };
		76560CA62C7EE45F00B0D7F2 /* ShoppingViewController.swift */ = {isa = PBXFileReference; lastKnownFileType = sourcecode.swift; path = ShoppingViewController.swift; sourceTree = "<group>"; };
		76560CAA2C7EE5A400B0D7F2 /* ShoppingTableViewCell.swift */ = {isa = PBXFileReference; lastKnownFileType = sourcecode.swift; path = ShoppingTableViewCell.swift; sourceTree = "<group>"; };
		76560CAC2C7EE61600B0D7F2 /* ShoppingCollectionViewCell.swift */ = {isa = PBXFileReference; lastKnownFileType = sourcecode.swift; path = ShoppingCollectionViewCell.swift; sourceTree = "<group>"; };
		76560CAE2C7EE94D00B0D7F2 /* ShoppingModel.swift */ = {isa = PBXFileReference; lastKnownFileType = sourcecode.swift; path = ShoppingModel.swift; sourceTree = "<group>"; };
		76560CB02C7EEF0100B0D7F2 /* ShoppingViewModel.swift */ = {isa = PBXFileReference; lastKnownFileType = sourcecode.swift; path = ShoppingViewModel.swift; sourceTree = "<group>"; };
		769F8A7C2C7D91B4000360D9 /* PinterestCompostionalLayout.swift */ = {isa = PBXFileReference; lastKnownFileType = sourcecode.swift; path = PinterestCompostionalLayout.swift; sourceTree = "<group>"; };
		769F8A7F2C7DB091000360D9 /* PhotoModel.swift */ = {isa = PBXFileReference; lastKnownFileType = sourcecode.swift; path = PhotoModel.swift; sourceTree = "<group>"; };
		769F8A812C7DB150000360D9 /* PinterestCollectionViewCell.swift */ = {isa = PBXFileReference; lastKnownFileType = sourcecode.swift; path = PinterestCollectionViewCell.swift; sourceTree = "<group>"; };
		769F8A832C7DB172000360D9 /* BaseCollectionViewCell.swift */ = {isa = PBXFileReference; lastKnownFileType = sourcecode.swift; path = BaseCollectionViewCell.swift; sourceTree = "<group>"; };
		769F8A852C7DB2E7000360D9 /* CollectionViewModel.swift */ = {isa = PBXFileReference; lastKnownFileType = sourcecode.swift; path = CollectionViewModel.swift; sourceTree = "<group>"; };
		76B035302C81700B00074460 /* MapModel.swift */ = {isa = PBXFileReference; lastKnownFileType = sourcecode.swift; path = MapModel.swift; sourceTree = "<group>"; };
		76B035332C81996100074460 /* MapViewController.swift */ = {isa = PBXFileReference; lastKnownFileType = sourcecode.swift; path = MapViewController.swift; sourceTree = "<group>"; };
		76B035372C8199A100074460 /* MapViewModel.swift */ = {isa = PBXFileReference; lastKnownFileType = sourcecode.swift; path = MapViewModel.swift; sourceTree = "<group>"; };
		76B0353A2C81BC6C00074460 /* Location.swift */ = {isa = PBXFileReference; lastKnownFileType = sourcecode.swift; path = Location.swift; sourceTree = "<group>"; };
		76BDB0E62C7AF97700C43955 /* TabBar.swift */ = {isa = PBXFileReference; lastKnownFileType = sourcecode.swift; path = TabBar.swift; sourceTree = "<group>"; };
		76BDB0E82C7AF98400C43955 /* TabBarViewController.swift */ = {isa = PBXFileReference; lastKnownFileType = sourcecode.swift; path = TabBarViewController.swift; sourceTree = "<group>"; };
		76BDB0EC2C7AFA4400C43955 /* CollectionViewController.swift */ = {isa = PBXFileReference; lastKnownFileType = sourcecode.swift; path = CollectionViewController.swift; sourceTree = "<group>"; };
		76BDB0EE2C7AFA5B00C43955 /* ProfileViewController.swift */ = {isa = PBXFileReference; lastKnownFileType = sourcecode.swift; path = ProfileViewController.swift; sourceTree = "<group>"; };
		76BDB0F02C7AFDD900C43955 /* BaseTableViewCell.swift */ = {isa = PBXFileReference; lastKnownFileType = sourcecode.swift; path = BaseTableViewCell.swift; sourceTree = "<group>"; };
		76BDB0F52C7AFE7F00C43955 /* SuggestionTableViewCell.swift */ = {isa = PBXFileReference; lastKnownFileType = sourcecode.swift; path = SuggestionTableViewCell.swift; sourceTree = "<group>"; };
		76BDB0FA2C7B10C000C43955 /* UIView+.swift */ = {isa = PBXFileReference; lastKnownFileType = sourcecode.swift; path = "UIView+.swift"; sourceTree = "<group>"; };
		76BDB0FC2C7B10F000C43955 /* ReuseIdentifierProtocol.swift */ = {isa = PBXFileReference; lastKnownFileType = sourcecode.swift; path = ReuseIdentifierProtocol.swift; sourceTree = "<group>"; };
		76D371F52C6C98F20066AB0A /* 4cut.zip.app */ = {isa = PBXFileReference; explicitFileType = wrapper.application; includeInIndex = 0; path = 4cut.zip.app; sourceTree = BUILT_PRODUCTS_DIR; };
		76D371F82C6C98F20066AB0A /* AppDelegate.swift */ = {isa = PBXFileReference; lastKnownFileType = sourcecode.swift; path = AppDelegate.swift; sourceTree = "<group>"; };
		76D371FA2C6C98F20066AB0A /* SceneDelegate.swift */ = {isa = PBXFileReference; lastKnownFileType = sourcecode.swift; path = SceneDelegate.swift; sourceTree = "<group>"; };
		76D372012C6C98F30066AB0A /* Assets.xcassets */ = {isa = PBXFileReference; lastKnownFileType = folder.assetcatalog; path = Assets.xcassets; sourceTree = "<group>"; };
		76D372042C6C98F30066AB0A /* Base */ = {isa = PBXFileReference; lastKnownFileType = file.storyboard; name = Base; path = Base.lproj/LaunchScreen.storyboard; sourceTree = "<group>"; };
		76D372062C6C98F30066AB0A /* Info.plist */ = {isa = PBXFileReference; lastKnownFileType = text.plist.xml; path = Info.plist; sourceTree = "<group>"; };
		76D3720C2C6C9A220066AB0A /* .gitignore */ = {isa = PBXFileReference; lastKnownFileType = text; path = .gitignore; sourceTree = "<group>"; };
		76D3720E2C6C9A770066AB0A /* APIKey.swift */ = {isa = PBXFileReference; lastKnownFileType = sourcecode.swift; path = APIKey.swift; sourceTree = "<group>"; };
		76D60AD52C782E15008293D4 /* LoginViewController.swift */ = {isa = PBXFileReference; lastKnownFileType = sourcecode.swift; path = LoginViewController.swift; sourceTree = "<group>"; };
		76D60AD82C782E2B008293D4 /* BaseViewController.swift */ = {isa = PBXFileReference; lastKnownFileType = sourcecode.swift; path = BaseViewController.swift; sourceTree = "<group>"; };
		76D60ADB2C782F03008293D4 /* BlackBorderTextField.swift */ = {isa = PBXFileReference; lastKnownFileType = sourcecode.swift; path = BlackBorderTextField.swift; sourceTree = "<group>"; };
		76D60ADD2C782F60008293D4 /* BlackBackgroundButton.swift */ = {isa = PBXFileReference; lastKnownFileType = sourcecode.swift; path = BlackBackgroundButton.swift; sourceTree = "<group>"; };
		76D60AE42C78302D008293D4 /* Constant.swift */ = {isa = PBXFileReference; lastKnownFileType = sourcecode.swift; path = Constant.swift; sourceTree = "<group>"; };
		76D60AE62C78323C008293D4 /* RedColorLabel.swift */ = {isa = PBXFileReference; lastKnownFileType = sourcecode.swift; path = RedColorLabel.swift; sourceTree = "<group>"; };
		76D60AE92C783525008293D4 /* TargetType.swift */ = {isa = PBXFileReference; lastKnownFileType = sourcecode.swift; path = TargetType.swift; sourceTree = "<group>"; };
		76D60AEE2C7835B9008293D4 /* Router.swift */ = {isa = PBXFileReference; lastKnownFileType = sourcecode.swift; path = Router.swift; sourceTree = "<group>"; };
		76D60AF02C7836C9008293D4 /* Header.swift */ = {isa = PBXFileReference; lastKnownFileType = sourcecode.swift; path = Header.swift; sourceTree = "<group>"; };
		76D60AF32C783752008293D4 /* LoginQuery.swift */ = {isa = PBXFileReference; lastKnownFileType = sourcecode.swift; path = LoginQuery.swift; sourceTree = "<group>"; };
		76D60AF52C784118008293D4 /* NetworkManager.swift */ = {isa = PBXFileReference; lastKnownFileType = sourcecode.swift; path = NetworkManager.swift; sourceTree = "<group>"; };
		76D60AF82C784173008293D4 /* LoginModel.swift */ = {isa = PBXFileReference; lastKnownFileType = sourcecode.swift; path = LoginModel.swift; sourceTree = "<group>"; };
		76D60AFA2C7842B5008293D4 /* UserDefaultsManager.swift */ = {isa = PBXFileReference; lastKnownFileType = sourcecode.swift; path = UserDefaultsManager.swift; sourceTree = "<group>"; };
		76D60AFE2C7846F8008293D4 /* LoginViewModel.swift */ = {isa = PBXFileReference; lastKnownFileType = sourcecode.swift; path = LoginViewModel.swift; sourceTree = "<group>"; };
		76D60B052C7847C7008293D4 /* BaseViewModel.swift */ = {isa = PBXFileReference; lastKnownFileType = sourcecode.swift; path = BaseViewModel.swift; sourceTree = "<group>"; };
		76D60B0C2C786E8F008293D4 /* SuggestionViewController.swift */ = {isa = PBXFileReference; lastKnownFileType = sourcecode.swift; path = SuggestionViewController.swift; sourceTree = "<group>"; };
		76F85F1B2C7C4F0E00B98C2F /* UIColor+.swift */ = {isa = PBXFileReference; lastKnownFileType = sourcecode.swift; path = "UIColor+.swift"; sourceTree = "<group>"; };
		76F85F1D2C7C532F00B98C2F /* UIButton+.swift */ = {isa = PBXFileReference; lastKnownFileType = sourcecode.swift; path = "UIButton+.swift"; sourceTree = "<group>"; };
		76F85F1F2C7C636300B98C2F /* SuggestionViewModel.swift */ = {isa = PBXFileReference; lastKnownFileType = sourcecode.swift; path = SuggestionViewModel.swift; sourceTree = "<group>"; };
		76F85F222C7C657000B98C2F /* PostCategory.swift */ = {isa = PBXFileReference; lastKnownFileType = sourcecode.swift; path = PostCategory.swift; sourceTree = "<group>"; };
		76F85F242C7C686F00B98C2F /* PostContentModel.swift */ = {isa = PBXFileReference; lastKnownFileType = sourcecode.swift; path = PostContentModel.swift; sourceTree = "<group>"; };
		76F85F262C7C6D9E00B98C2F /* RefreshModel.swift */ = {isa = PBXFileReference; lastKnownFileType = sourcecode.swift; path = RefreshModel.swift; sourceTree = "<group>"; };
		76F85F2B2C7C728000B98C2F /* DateFormatterManager.swift */ = {isa = PBXFileReference; lastKnownFileType = sourcecode.swift; path = DateFormatterManager.swift; sourceTree = "<group>"; };
		76F85F2D2C7C7E8F00B98C2F /* String+.swift */ = {isa = PBXFileReference; lastKnownFileType = sourcecode.swift; path = "String+.swift"; sourceTree = "<group>"; };
		76F85F312C7C820000B98C2F /* Kingfisher+.swift */ = {isa = PBXFileReference; lastKnownFileType = sourcecode.swift; path = "Kingfisher+.swift"; sourceTree = "<group>"; };
		76F85F352C7CAB7D00B98C2F /* Coordinator.swift */ = {isa = PBXFileReference; lastKnownFileType = sourcecode.swift; path = Coordinator.swift; sourceTree = "<group>"; };
		76F85F372C7CAE4900B98C2F /* UILabel+.swift */ = {isa = PBXFileReference; lastKnownFileType = sourcecode.swift; path = "UILabel+.swift"; sourceTree = "<group>"; };
/* End PBXFileReference section */

/* Begin PBXFrameworksBuildPhase section */
		76D371F22C6C98F20066AB0A /* Frameworks */ = {
			isa = PBXFrameworksBuildPhase;
			buildActionMask = 2147483647;
			files = (
				76D60B022C78476E008293D4 /* RxCocoa in Frameworks */,
				76D60AE12C782FB3008293D4 /* SnapKit in Frameworks */,
				76D60B042C78476E008293D4 /* RxSwift in Frameworks */,
				76560CB42C7F038D00B0D7F2 /* iamport-ios in Frameworks */,
				76D60AED2C783540008293D4 /* Alamofire in Frameworks */,
				7634243B2C80838800AC40D1 /* Toast in Frameworks */,
				76F85F2A2C7C71AD00B98C2F /* Kingfisher in Frameworks */,
				76B0352F2C81627900074460 /* Junios.NMapSDKForSPM in Frameworks */,
			);
			runOnlyForDeploymentPostprocessing = 0;
		};
/* End PBXFrameworksBuildPhase section */

/* Begin PBXGroup section */
		7607E1D82C8033C0008181D0 /* Model */ = {
			isa = PBXGroup;
			children = (
				7607E1D92C8033D4008181D0 /* ShoppingCategory.swift */,
			);
			path = Model;
			sourceTree = "<group>";
		};
		76560CA22C7EE43500B0D7F2 /* Post */ = {
			isa = PBXGroup;
			children = (
				76560CA42C7EE45600B0D7F2 /* PostViewController.swift */,
			);
			path = Post;
			sourceTree = "<group>";
		};
		76560CA32C7EE43800B0D7F2 /* Shopping */ = {
			isa = PBXGroup;
			children = (
				7607E1D82C8033C0008181D0 /* Model */,
				76560CA82C7EE56800B0D7F2 /* Views */,
				76560CA92C7EE56F00B0D7F2 /* ViewModel */,
			);
			path = Shopping;
			sourceTree = "<group>";
		};
		76560CA82C7EE56800B0D7F2 /* Views */ = {
			isa = PBXGroup;
			children = (
				76560CA62C7EE45F00B0D7F2 /* ShoppingViewController.swift */,
				76560CAA2C7EE5A400B0D7F2 /* ShoppingTableViewCell.swift */,
				76560CAC2C7EE61600B0D7F2 /* ShoppingCollectionViewCell.swift */,
			);
			path = Views;
			sourceTree = "<group>";
		};
		76560CA92C7EE56F00B0D7F2 /* ViewModel */ = {
			isa = PBXGroup;
			children = (
				76560CB02C7EEF0100B0D7F2 /* ShoppingViewModel.swift */,
			);
			path = ViewModel;
			sourceTree = "<group>";
		};
		769F8A7A2C7D9170000360D9 /* ViewModel */ = {
			isa = PBXGroup;
			children = (
				769F8A852C7DB2E7000360D9 /* CollectionViewModel.swift */,
			);
			path = ViewModel;
			sourceTree = "<group>";
		};
		769F8A7B2C7D9198000360D9 /* Views */ = {
			isa = PBXGroup;
			children = (
				76BDB0EC2C7AFA4400C43955 /* CollectionViewController.swift */,
				769F8A7C2C7D91B4000360D9 /* PinterestCompostionalLayout.swift */,
				769F8A812C7DB150000360D9 /* PinterestCollectionViewCell.swift */,
			);
			path = Views;
			sourceTree = "<group>";
		};
		769F8A7E2C7DB081000360D9 /* Model */ = {
			isa = PBXGroup;
			children = (
				769F8A7F2C7DB091000360D9 /* PhotoModel.swift */,
			);
			path = Model;
			sourceTree = "<group>";
		};
		76B035322C81994C00074460 /* Map */ = {
			isa = PBXGroup;
			children = (
				76B035392C81BC5F00074460 /* Model */,
				76B035362C81999600074460 /* Views */,
				76B035352C81998800074460 /* ViewModel */,
			);
			path = Map;
			sourceTree = "<group>";
		};
		76B035352C81998800074460 /* ViewModel */ = {
			isa = PBXGroup;
			children = (
				76B035372C8199A100074460 /* MapViewModel.swift */,
			);
			path = ViewModel;
			sourceTree = "<group>";
		};
		76B035362C81999600074460 /* Views */ = {
			isa = PBXGroup;
			children = (
				76B035332C81996100074460 /* MapViewController.swift */,
			);
			path = Views;
			sourceTree = "<group>";
		};
		76B035392C81BC5F00074460 /* Model */ = {
			isa = PBXGroup;
			children = (
				76B0353A2C81BC6C00074460 /* Location.swift */,
			);
			path = Model;
			sourceTree = "<group>";
		};
		76BDB0E52C7AF90F00C43955 /* TabBar */ = {
			isa = PBXGroup;
			children = (
				76BDB0E62C7AF97700C43955 /* TabBar.swift */,
				76BDB0E82C7AF98400C43955 /* TabBarViewController.swift */,
				76D60B0B2C786E34008293D4 /* Suggestion */,
				76BDB0EA2C7AF9B500C43955 /* Collection */,
				76560CA22C7EE43500B0D7F2 /* Post */,
				76560CA32C7EE43800B0D7F2 /* Shopping */,
				76BDB0EB2C7AFA3000C43955 /* Profile */,
			);
			path = TabBar;
			sourceTree = "<group>";
		};
		76BDB0EA2C7AF9B500C43955 /* Collection */ = {
			isa = PBXGroup;
			children = (
				769F8A7E2C7DB081000360D9 /* Model */,
				769F8A7B2C7D9198000360D9 /* Views */,
				769F8A7A2C7D9170000360D9 /* ViewModel */,
			);
			path = Collection;
			sourceTree = "<group>";
		};
		76BDB0EB2C7AFA3000C43955 /* Profile */ = {
			isa = PBXGroup;
			children = (
				76BDB0EE2C7AFA5B00C43955 /* ProfileViewController.swift */,
			);
			path = Profile;
			sourceTree = "<group>";
		};
		76BDB0F32C7AFE5B00C43955 /* Views */ = {
			isa = PBXGroup;
			children = (
				76D60B0C2C786E8F008293D4 /* SuggestionViewController.swift */,
				76BDB0F52C7AFE7F00C43955 /* SuggestionTableViewCell.swift */,
			);
			path = Views;
			sourceTree = "<group>";
		};
		76BDB0F42C7AFE6300C43955 /* ViewModel */ = {
			isa = PBXGroup;
			children = (
				76F85F1F2C7C636300B98C2F /* SuggestionViewModel.swift */,
			);
			path = ViewModel;
			sourceTree = "<group>";
		};
		76BDB0F92C7B10B100C43955 /* Extension */ = {
			isa = PBXGroup;
			children = (
				76BDB0FA2C7B10C000C43955 /* UIView+.swift */,
				76F85F1B2C7C4F0E00B98C2F /* UIColor+.swift */,
				76F85F1D2C7C532F00B98C2F /* UIButton+.swift */,
				76F85F2D2C7C7E8F00B98C2F /* String+.swift */,
				76F85F312C7C820000B98C2F /* Kingfisher+.swift */,
				76F85F372C7CAE4900B98C2F /* UILabel+.swift */,
			);
			path = Extension;
			sourceTree = "<group>";
		};
		76D371EC2C6C98F20066AB0A = {
			isa = PBXGroup;
			children = (
				76D3720C2C6C9A220066AB0A /* .gitignore */,
				76D371F72C6C98F20066AB0A /* 4cut.zip */,
				76D371F62C6C98F20066AB0A /* Products */,
			);
			sourceTree = "<group>";
		};
		76D371F62C6C98F20066AB0A /* Products */ = {
			isa = PBXGroup;
			children = (
				76D371F52C6C98F20066AB0A /* 4cut.zip.app */,
			);
			name = Products;
			sourceTree = "<group>";
		};
		76D371F72C6C98F20066AB0A /* 4cut.zip */ = {
			isa = PBXGroup;
			children = (
				76D371F82C6C98F20066AB0A /* AppDelegate.swift */,
				76D371FA2C6C98F20066AB0A /* SceneDelegate.swift */,
				76D3720E2C6C9A770066AB0A /* APIKey.swift */,
				76D60AE32C783022008293D4 /* Helper */,
				76BDB0F92C7B10B100C43955 /* Extension */,
				76D60ADA2C782EC8008293D4 /* CustomView */,
				76D60B072C7847D3008293D4 /* Protocol */,
				76D60AD72C782E20008293D4 /* Base */,
				76D60AE82C783510008293D4 /* Network */,
				76D60AF22C78373F008293D4 /* RequestModel */,
				76D60AF72C784164008293D4 /* ResponseModel */,
				76D60AD42C782DE6008293D4 /* Login */,
				76BDB0E52C7AF90F00C43955 /* TabBar */,
				76D372012C6C98F30066AB0A /* Assets.xcassets */,
				76D372032C6C98F30066AB0A /* LaunchScreen.storyboard */,
				76D372062C6C98F30066AB0A /* Info.plist */,
			);
			path = 4cut.zip;
			sourceTree = "<group>";
		};
		76D60AD42C782DE6008293D4 /* Login */ = {
			isa = PBXGroup;
			children = (
				76D60AFD2C7846EC008293D4 /* Views */,
				76D60AFC2C7846E5008293D4 /* ViewModel */,
			);
			path = Login;
			sourceTree = "<group>";
		};
		76D60AD72C782E20008293D4 /* Base */ = {
			isa = PBXGroup;
			children = (
				76D60AD82C782E2B008293D4 /* BaseViewController.swift */,
				76BDB0F02C7AFDD900C43955 /* BaseTableViewCell.swift */,
				769F8A832C7DB172000360D9 /* BaseCollectionViewCell.swift */,
			);
			path = Base;
			sourceTree = "<group>";
		};
		76D60ADA2C782EC8008293D4 /* CustomView */ = {
			isa = PBXGroup;
			children = (
				76D60ADB2C782F03008293D4 /* BlackBorderTextField.swift */,
				76D60ADD2C782F60008293D4 /* BlackBackgroundButton.swift */,
				76D60AE62C78323C008293D4 /* RedColorLabel.swift */,
			);
			path = CustomView;
			sourceTree = "<group>";
		};
		76D60AE32C783022008293D4 /* Helper */ = {
			isa = PBXGroup;
			children = (
				76D60AE42C78302D008293D4 /* Constant.swift */,
				76F85F2B2C7C728000B98C2F /* DateFormatterManager.swift */,
				76D60AFA2C7842B5008293D4 /* UserDefaultsManager.swift */,
				76F85F352C7CAB7D00B98C2F /* Coordinator.swift */,
			);
			path = Helper;
			sourceTree = "<group>";
		};
		76D60AE82C783510008293D4 /* Network */ = {
			isa = PBXGroup;
			children = (
				76D60AE92C783525008293D4 /* TargetType.swift */,
				76D60AEE2C7835B9008293D4 /* Router.swift */,
				76D60AF02C7836C9008293D4 /* Header.swift */,
				76D60AF52C784118008293D4 /* NetworkManager.swift */,
			);
			path = Network;
			sourceTree = "<group>";
		};
		76D60AF22C78373F008293D4 /* RequestModel */ = {
			isa = PBXGroup;
			children = (
				76D60AF32C783752008293D4 /* LoginQuery.swift */,
				7607E1DB2C8071F7008181D0 /* PaymentValidation.swift */,
			);
			path = RequestModel;
			sourceTree = "<group>";
		};
		76D60AF72C784164008293D4 /* ResponseModel */ = {
			isa = PBXGroup;
			children = (
				76D60AF82C784173008293D4 /* LoginModel.swift */,
				76F85F242C7C686F00B98C2F /* PostContentModel.swift */,
				76F85F262C7C6D9E00B98C2F /* RefreshModel.swift */,
				76560CAE2C7EE94D00B0D7F2 /* ShoppingModel.swift */,
				7607E1DD2C8072FF008181D0 /* PaymentModel.swift */,
				76B035302C81700B00074460 /* MapModel.swift */,
			);
			path = ResponseModel;
			sourceTree = "<group>";
		};
		76D60AFC2C7846E5008293D4 /* ViewModel */ = {
			isa = PBXGroup;
			children = (
				76D60AFE2C7846F8008293D4 /* LoginViewModel.swift */,
			);
			path = ViewModel;
			sourceTree = "<group>";
		};
		76D60AFD2C7846EC008293D4 /* Views */ = {
			isa = PBXGroup;
			children = (
				76D60AD52C782E15008293D4 /* LoginViewController.swift */,
			);
			path = Views;
			sourceTree = "<group>";
		};
		76D60B072C7847D3008293D4 /* Protocol */ = {
			isa = PBXGroup;
			children = (
				76D60B052C7847C7008293D4 /* BaseViewModel.swift */,
				76BDB0FC2C7B10F000C43955 /* ReuseIdentifierProtocol.swift */,
			);
			path = Protocol;
			sourceTree = "<group>";
		};
		76D60B0B2C786E34008293D4 /* Suggestion */ = {
			isa = PBXGroup;
			children = (
				76F85F212C7C656700B98C2F /* Model */,
				76BDB0F32C7AFE5B00C43955 /* Views */,
				76BDB0F42C7AFE6300C43955 /* ViewModel */,
				76B035322C81994C00074460 /* Map */,
			);
			path = Suggestion;
			sourceTree = "<group>";
		};
		76F85F212C7C656700B98C2F /* Model */ = {
			isa = PBXGroup;
			children = (
				76F85F222C7C657000B98C2F /* PostCategory.swift */,
			);
			path = Model;
			sourceTree = "<group>";
		};
/* End PBXGroup section */

/* Begin PBXNativeTarget section */
		76D371F42C6C98F20066AB0A /* 4cut.zip */ = {
			isa = PBXNativeTarget;
			buildConfigurationList = 76D372092C6C98F30066AB0A /* Build configuration list for PBXNativeTarget "4cut.zip" */;
			buildPhases = (
				76D371F12C6C98F20066AB0A /* Sources */,
				76D371F22C6C98F20066AB0A /* Frameworks */,
				76D371F32C6C98F20066AB0A /* Resources */,
			);
			buildRules = (
			);
			dependencies = (
			);
			name = 4cut.zip;
			packageProductDependencies = (
				76D60AE02C782FB3008293D4 /* SnapKit */,
				76D60AEC2C783540008293D4 /* Alamofire */,
				76D60B012C78476E008293D4 /* RxCocoa */,
				76D60B032C78476E008293D4 /* RxSwift */,
				76F85F292C7C71AD00B98C2F /* Kingfisher */,
				76560CB32C7F038D00B0D7F2 /* iamport-ios */,
				7634243A2C80838800AC40D1 /* Toast */,
				76B0352E2C81627900074460 /* Junios.NMapSDKForSPM */,
			);
			productName = 4cut.zip;
			productReference = 76D371F52C6C98F20066AB0A /* 4cut.zip.app */;
			productType = "com.apple.product-type.application";
		};
/* End PBXNativeTarget section */

/* Begin PBXProject section */
		76D371ED2C6C98F20066AB0A /* Project object */ = {
			isa = PBXProject;
			attributes = {
				BuildIndependentTargetsInParallel = 1;
				LastSwiftUpdateCheck = 1540;
				LastUpgradeCheck = 1540;
				TargetAttributes = {
					76D371F42C6C98F20066AB0A = {
						CreatedOnToolsVersion = 15.4;
					};
				};
			};
			buildConfigurationList = 76D371F02C6C98F20066AB0A /* Build configuration list for PBXProject "4cut.zip" */;
			compatibilityVersion = "Xcode 14.0";
			developmentRegion = en;
			hasScannedForEncodings = 0;
			knownRegions = (
				en,
				Base,
			);
			mainGroup = 76D371EC2C6C98F20066AB0A;
			packageReferences = (
				76D60ADF2C782FB3008293D4 /* XCRemoteSwiftPackageReference "SnapKit" */,
				76D60AEB2C783540008293D4 /* XCRemoteSwiftPackageReference "Alamofire" */,
				76D60B002C78476E008293D4 /* XCRemoteSwiftPackageReference "RxSwift" */,
				76F85F282C7C71AD00B98C2F /* XCRemoteSwiftPackageReference "Kingfisher" */,
				76560CB22C7F038D00B0D7F2 /* XCRemoteSwiftPackageReference "iamport-ios" */,
				763424392C80838800AC40D1 /* XCRemoteSwiftPackageReference "Toast-Swift" */,
				76B0352D2C81627900074460 /* XCRemoteSwiftPackageReference "NaverMapSDKForSPM" */,
			);
			productRefGroup = 76D371F62C6C98F20066AB0A /* Products */;
			projectDirPath = "";
			projectRoot = "";
			targets = (
				76D371F42C6C98F20066AB0A /* 4cut.zip */,
			);
		};
/* End PBXProject section */

/* Begin PBXResourcesBuildPhase section */
		76D371F32C6C98F20066AB0A /* Resources */ = {
			isa = PBXResourcesBuildPhase;
			buildActionMask = 2147483647;
			files = (
				76D372022C6C98F30066AB0A /* Assets.xcassets in Resources */,
				76D3720D2C6C9A220066AB0A /* .gitignore in Resources */,
				76D372052C6C98F30066AB0A /* Base in Resources */,
			);
			runOnlyForDeploymentPostprocessing = 0;
		};
/* End PBXResourcesBuildPhase section */

/* Begin PBXSourcesBuildPhase section */
		76D371F12C6C98F20066AB0A /* Sources */ = {
			isa = PBXSourcesBuildPhase;
			buildActionMask = 2147483647;
			files = (
				76D60AEF2C7835B9008293D4 /* Router.swift in Sources */,
				76F85F322C7C820000B98C2F /* Kingfisher+.swift in Sources */,
				76D60AEA2C783525008293D4 /* TargetType.swift in Sources */,
				76D371F92C6C98F20066AB0A /* AppDelegate.swift in Sources */,
				769F8A862C7DB2E7000360D9 /* CollectionViewModel.swift in Sources */,
				76F85F252C7C686F00B98C2F /* PostContentModel.swift in Sources */,
				76B035382C8199A100074460 /* MapViewModel.swift in Sources */,
				76D60AE52C78302D008293D4 /* Constant.swift in Sources */,
				76560CAF2C7EE94D00B0D7F2 /* ShoppingModel.swift in Sources */,
				76D60AF12C7836C9008293D4 /* Header.swift in Sources */,
				76D60B062C7847C7008293D4 /* BaseViewModel.swift in Sources */,
				76D3720F2C6C9A770066AB0A /* APIKey.swift in Sources */,
				76D60AFB2C7842B5008293D4 /* UserDefaultsManager.swift in Sources */,
				76F85F202C7C636300B98C2F /* SuggestionViewModel.swift in Sources */,
				76D60AF42C783752008293D4 /* LoginQuery.swift in Sources */,
				76F85F232C7C657000B98C2F /* PostCategory.swift in Sources */,
				76F85F2E2C7C7E8F00B98C2F /* String+.swift in Sources */,
				76D60AD62C782E15008293D4 /* LoginViewController.swift in Sources */,
				76560CAD2C7EE61600B0D7F2 /* ShoppingCollectionViewCell.swift in Sources */,
				76BDB0ED2C7AFA4400C43955 /* CollectionViewController.swift in Sources */,
				76D60B0D2C786E8F008293D4 /* SuggestionViewController.swift in Sources */,
				76D60ADC2C782F03008293D4 /* BlackBorderTextField.swift in Sources */,
				7607E1DA2C8033D4008181D0 /* ShoppingCategory.swift in Sources */,
				76560CB12C7EEF0100B0D7F2 /* ShoppingViewModel.swift in Sources */,
				76560CA72C7EE45F00B0D7F2 /* ShoppingViewController.swift in Sources */,
				7607E1DC2C8071F7008181D0 /* PaymentValidation.swift in Sources */,
				76D60AFF2C7846F8008293D4 /* LoginViewModel.swift in Sources */,
				76D371FB2C6C98F20066AB0A /* SceneDelegate.swift in Sources */,
				76F85F1E2C7C532F00B98C2F /* UIButton+.swift in Sources */,
				7607E1DE2C8072FF008181D0 /* PaymentModel.swift in Sources */,
				76BDB0FB2C7B10C000C43955 /* UIView+.swift in Sources */,
				76F85F362C7CAB7D00B98C2F /* Coordinator.swift in Sources */,
				76BDB0EF2C7AFA5B00C43955 /* ProfileViewController.swift in Sources */,
				76F85F382C7CAE4900B98C2F /* UILabel+.swift in Sources */,
				76B0353B2C81BC6C00074460 /* Location.swift in Sources */,
				76BDB0F12C7AFDD900C43955 /* BaseTableViewCell.swift in Sources */,
				76BDB0F62C7AFE7F00C43955 /* SuggestionTableViewCell.swift in Sources */,
				76D60AF92C784173008293D4 /* LoginModel.swift in Sources */,
				76D60AF62C784118008293D4 /* NetworkManager.swift in Sources */,
				769F8A842C7DB172000360D9 /* BaseCollectionViewCell.swift in Sources */,
				76D60AE72C78323C008293D4 /* RedColorLabel.swift in Sources */,
				76560CA52C7EE45600B0D7F2 /* PostViewController.swift in Sources */,
				76D60AD92C782E2B008293D4 /* BaseViewController.swift in Sources */,
				76B035312C81700B00074460 /* MapModel.swift in Sources */,
				76F85F272C7C6D9E00B98C2F /* RefreshModel.swift in Sources */,
				76F85F2C2C7C728000B98C2F /* DateFormatterManager.swift in Sources */,
				76560CAB2C7EE5A400B0D7F2 /* ShoppingTableViewCell.swift in Sources */,
				76BDB0E92C7AF98400C43955 /* TabBarViewController.swift in Sources */,
				76BDB0FD2C7B10F000C43955 /* ReuseIdentifierProtocol.swift in Sources */,
				76F85F1C2C7C4F0E00B98C2F /* UIColor+.swift in Sources */,
				769F8A802C7DB091000360D9 /* PhotoModel.swift in Sources */,
				76B035342C81996100074460 /* MapViewController.swift in Sources */,
				769F8A822C7DB150000360D9 /* PinterestCollectionViewCell.swift in Sources */,
				76D60ADE2C782F60008293D4 /* BlackBackgroundButton.swift in Sources */,
				76BDB0E72C7AF97700C43955 /* TabBar.swift in Sources */,
				769F8A7D2C7D91B4000360D9 /* PinterestCompostionalLayout.swift in Sources */,
			);
			runOnlyForDeploymentPostprocessing = 0;
		};
/* End PBXSourcesBuildPhase section */

/* Begin PBXVariantGroup section */
		76D372032C6C98F30066AB0A /* LaunchScreen.storyboard */ = {
			isa = PBXVariantGroup;
			children = (
				76D372042C6C98F30066AB0A /* Base */,
			);
			name = LaunchScreen.storyboard;
			sourceTree = "<group>";
		};
/* End PBXVariantGroup section */

/* Begin XCBuildConfiguration section */
		76D372072C6C98F30066AB0A /* Debug */ = {
			isa = XCBuildConfiguration;
			buildSettings = {
				ALWAYS_SEARCH_USER_PATHS = NO;
				ASSETCATALOG_COMPILER_GENERATE_SWIFT_ASSET_SYMBOL_EXTENSIONS = YES;
				CLANG_ANALYZER_NONNULL = YES;
				CLANG_ANALYZER_NUMBER_OBJECT_CONVERSION = YES_AGGRESSIVE;
				CLANG_CXX_LANGUAGE_STANDARD = "gnu++20";
				CLANG_ENABLE_MODULES = YES;
				CLANG_ENABLE_OBJC_ARC = YES;
				CLANG_ENABLE_OBJC_WEAK = YES;
				CLANG_WARN_BLOCK_CAPTURE_AUTORELEASING = YES;
				CLANG_WARN_BOOL_CONVERSION = YES;
				CLANG_WARN_COMMA = YES;
				CLANG_WARN_CONSTANT_CONVERSION = YES;
				CLANG_WARN_DEPRECATED_OBJC_IMPLEMENTATIONS = YES;
				CLANG_WARN_DIRECT_OBJC_ISA_USAGE = YES_ERROR;
				CLANG_WARN_DOCUMENTATION_COMMENTS = YES;
				CLANG_WARN_EMPTY_BODY = YES;
				CLANG_WARN_ENUM_CONVERSION = YES;
				CLANG_WARN_INFINITE_RECURSION = YES;
				CLANG_WARN_INT_CONVERSION = YES;
				CLANG_WARN_NON_LITERAL_NULL_CONVERSION = YES;
				CLANG_WARN_OBJC_IMPLICIT_RETAIN_SELF = YES;
				CLANG_WARN_OBJC_LITERAL_CONVERSION = YES;
				CLANG_WARN_OBJC_ROOT_CLASS = YES_ERROR;
				CLANG_WARN_QUOTED_INCLUDE_IN_FRAMEWORK_HEADER = YES;
				CLANG_WARN_RANGE_LOOP_ANALYSIS = YES;
				CLANG_WARN_STRICT_PROTOTYPES = YES;
				CLANG_WARN_SUSPICIOUS_MOVE = YES;
				CLANG_WARN_UNGUARDED_AVAILABILITY = YES_AGGRESSIVE;
				CLANG_WARN_UNREACHABLE_CODE = YES;
				CLANG_WARN__DUPLICATE_METHOD_MATCH = YES;
				COPY_PHASE_STRIP = NO;
				DEBUG_INFORMATION_FORMAT = dwarf;
				ENABLE_STRICT_OBJC_MSGSEND = YES;
				ENABLE_TESTABILITY = YES;
				ENABLE_USER_SCRIPT_SANDBOXING = YES;
				GCC_C_LANGUAGE_STANDARD = gnu17;
				GCC_DYNAMIC_NO_PIC = NO;
				GCC_NO_COMMON_BLOCKS = YES;
				GCC_OPTIMIZATION_LEVEL = 0;
				GCC_PREPROCESSOR_DEFINITIONS = (
					"DEBUG=1",
					"$(inherited)",
				);
				GCC_WARN_64_TO_32_BIT_CONVERSION = YES;
				GCC_WARN_ABOUT_RETURN_TYPE = YES_ERROR;
				GCC_WARN_UNDECLARED_SELECTOR = YES;
				GCC_WARN_UNINITIALIZED_AUTOS = YES_AGGRESSIVE;
				GCC_WARN_UNUSED_FUNCTION = YES;
				GCC_WARN_UNUSED_VARIABLE = YES;
				IPHONEOS_DEPLOYMENT_TARGET = 17.5;
				LOCALIZATION_PREFERS_STRING_CATALOGS = YES;
				MTL_ENABLE_DEBUG_INFO = INCLUDE_SOURCE;
				MTL_FAST_MATH = YES;
				ONLY_ACTIVE_ARCH = YES;
				SDKROOT = iphoneos;
				SWIFT_ACTIVE_COMPILATION_CONDITIONS = "DEBUG $(inherited)";
				SWIFT_OPTIMIZATION_LEVEL = "-Onone";
			};
			name = Debug;
		};
		76D372082C6C98F30066AB0A /* Release */ = {
			isa = XCBuildConfiguration;
			buildSettings = {
				ALWAYS_SEARCH_USER_PATHS = NO;
				ASSETCATALOG_COMPILER_GENERATE_SWIFT_ASSET_SYMBOL_EXTENSIONS = YES;
				CLANG_ANALYZER_NONNULL = YES;
				CLANG_ANALYZER_NUMBER_OBJECT_CONVERSION = YES_AGGRESSIVE;
				CLANG_CXX_LANGUAGE_STANDARD = "gnu++20";
				CLANG_ENABLE_MODULES = YES;
				CLANG_ENABLE_OBJC_ARC = YES;
				CLANG_ENABLE_OBJC_WEAK = YES;
				CLANG_WARN_BLOCK_CAPTURE_AUTORELEASING = YES;
				CLANG_WARN_BOOL_CONVERSION = YES;
				CLANG_WARN_COMMA = YES;
				CLANG_WARN_CONSTANT_CONVERSION = YES;
				CLANG_WARN_DEPRECATED_OBJC_IMPLEMENTATIONS = YES;
				CLANG_WARN_DIRECT_OBJC_ISA_USAGE = YES_ERROR;
				CLANG_WARN_DOCUMENTATION_COMMENTS = YES;
				CLANG_WARN_EMPTY_BODY = YES;
				CLANG_WARN_ENUM_CONVERSION = YES;
				CLANG_WARN_INFINITE_RECURSION = YES;
				CLANG_WARN_INT_CONVERSION = YES;
				CLANG_WARN_NON_LITERAL_NULL_CONVERSION = YES;
				CLANG_WARN_OBJC_IMPLICIT_RETAIN_SELF = YES;
				CLANG_WARN_OBJC_LITERAL_CONVERSION = YES;
				CLANG_WARN_OBJC_ROOT_CLASS = YES_ERROR;
				CLANG_WARN_QUOTED_INCLUDE_IN_FRAMEWORK_HEADER = YES;
				CLANG_WARN_RANGE_LOOP_ANALYSIS = YES;
				CLANG_WARN_STRICT_PROTOTYPES = YES;
				CLANG_WARN_SUSPICIOUS_MOVE = YES;
				CLANG_WARN_UNGUARDED_AVAILABILITY = YES_AGGRESSIVE;
				CLANG_WARN_UNREACHABLE_CODE = YES;
				CLANG_WARN__DUPLICATE_METHOD_MATCH = YES;
				COPY_PHASE_STRIP = NO;
				DEBUG_INFORMATION_FORMAT = "dwarf-with-dsym";
				ENABLE_NS_ASSERTIONS = NO;
				ENABLE_STRICT_OBJC_MSGSEND = YES;
				ENABLE_USER_SCRIPT_SANDBOXING = YES;
				GCC_C_LANGUAGE_STANDARD = gnu17;
				GCC_NO_COMMON_BLOCKS = YES;
				GCC_WARN_64_TO_32_BIT_CONVERSION = YES;
				GCC_WARN_ABOUT_RETURN_TYPE = YES_ERROR;
				GCC_WARN_UNDECLARED_SELECTOR = YES;
				GCC_WARN_UNINITIALIZED_AUTOS = YES_AGGRESSIVE;
				GCC_WARN_UNUSED_FUNCTION = YES;
				GCC_WARN_UNUSED_VARIABLE = YES;
				IPHONEOS_DEPLOYMENT_TARGET = 17.5;
				LOCALIZATION_PREFERS_STRING_CATALOGS = YES;
				MTL_ENABLE_DEBUG_INFO = NO;
				MTL_FAST_MATH = YES;
				SDKROOT = iphoneos;
				SWIFT_COMPILATION_MODE = wholemodule;
				VALIDATE_PRODUCT = YES;
			};
			name = Release;
		};
		76D3720A2C6C98F30066AB0A /* Debug */ = {
			isa = XCBuildConfiguration;
			buildSettings = {
				ASSETCATALOG_COMPILER_APPICON_NAME = AppIcon;
				ASSETCATALOG_COMPILER_GLOBAL_ACCENT_COLOR_NAME = AccentColor;
				CODE_SIGN_STYLE = Automatic;
				CURRENT_PROJECT_VERSION = 1;
				DEVELOPMENT_TEAM = A9AQ72K5MY;
				GENERATE_INFOPLIST_FILE = YES;
				INFOPLIST_FILE = 4cut.zip/Info.plist;
				INFOPLIST_KEY_UIApplicationSupportsIndirectInputEvents = YES;
				INFOPLIST_KEY_UILaunchStoryboardName = LaunchScreen;
				INFOPLIST_KEY_UIMainStoryboardFile = "";
				INFOPLIST_KEY_UISupportedInterfaceOrientations = UIInterfaceOrientationPortrait;
				INFOPLIST_KEY_UISupportedInterfaceOrientations_iPad = UIInterfaceOrientationPortrait;
				INFOPLIST_KEY_UIUserInterfaceStyle = Light;
				IPHONEOS_DEPLOYMENT_TARGET = 17.0;
				LD_RUNPATH_SEARCH_PATHS = (
					"$(inherited)",
					"@executable_path/Frameworks",
				);
				MARKETING_VERSION = 1.0;
				PRODUCT_BUNDLE_IDENTIFIER = "com.iyeah.-cut-zip";
				PRODUCT_NAME = "$(TARGET_NAME)";
				SUPPORTED_PLATFORMS = "iphoneos iphonesimulator";
				SUPPORTS_MACCATALYST = NO;
				SUPPORTS_MAC_DESIGNED_FOR_IPHONE_IPAD = NO;
				SUPPORTS_XR_DESIGNED_FOR_IPHONE_IPAD = NO;
				SWIFT_EMIT_LOC_STRINGS = YES;
				SWIFT_VERSION = 5.0;
				TARGETED_DEVICE_FAMILY = 1;
			};
			name = Debug;
		};
		76D3720B2C6C98F30066AB0A /* Release */ = {
			isa = XCBuildConfiguration;
			buildSettings = {
				ASSETCATALOG_COMPILER_APPICON_NAME = AppIcon;
				ASSETCATALOG_COMPILER_GLOBAL_ACCENT_COLOR_NAME = AccentColor;
				CODE_SIGN_STYLE = Automatic;
				CURRENT_PROJECT_VERSION = 1;
				DEVELOPMENT_TEAM = A9AQ72K5MY;
				GENERATE_INFOPLIST_FILE = YES;
				INFOPLIST_FILE = 4cut.zip/Info.plist;
				INFOPLIST_KEY_UIApplicationSupportsIndirectInputEvents = YES;
				INFOPLIST_KEY_UILaunchStoryboardName = LaunchScreen;
				INFOPLIST_KEY_UIMainStoryboardFile = "";
				INFOPLIST_KEY_UISupportedInterfaceOrientations = UIInterfaceOrientationPortrait;
				INFOPLIST_KEY_UISupportedInterfaceOrientations_iPad = UIInterfaceOrientationPortrait;
				INFOPLIST_KEY_UIUserInterfaceStyle = Light;
				IPHONEOS_DEPLOYMENT_TARGET = 17.0;
				LD_RUNPATH_SEARCH_PATHS = (
					"$(inherited)",
					"@executable_path/Frameworks",
				);
				MARKETING_VERSION = 1.0;
				PRODUCT_BUNDLE_IDENTIFIER = "com.iyeah.-cut-zip";
				PRODUCT_NAME = "$(TARGET_NAME)";
				SUPPORTED_PLATFORMS = "iphoneos iphonesimulator";
				SUPPORTS_MACCATALYST = NO;
				SUPPORTS_MAC_DESIGNED_FOR_IPHONE_IPAD = NO;
				SUPPORTS_XR_DESIGNED_FOR_IPHONE_IPAD = NO;
				SWIFT_EMIT_LOC_STRINGS = YES;
				SWIFT_VERSION = 5.0;
				TARGETED_DEVICE_FAMILY = 1;
			};
			name = Release;
		};
/* End XCBuildConfiguration section */

/* Begin XCConfigurationList section */
		76D371F02C6C98F20066AB0A /* Build configuration list for PBXProject "4cut.zip" */ = {
			isa = XCConfigurationList;
			buildConfigurations = (
				76D372072C6C98F30066AB0A /* Debug */,
				76D372082C6C98F30066AB0A /* Release */,
			);
			defaultConfigurationIsVisible = 0;
			defaultConfigurationName = Release;
		};
		76D372092C6C98F30066AB0A /* Build configuration list for PBXNativeTarget "4cut.zip" */ = {
			isa = XCConfigurationList;
			buildConfigurations = (
				76D3720A2C6C98F30066AB0A /* Debug */,
				76D3720B2C6C98F30066AB0A /* Release */,
			);
			defaultConfigurationIsVisible = 0;
			defaultConfigurationName = Release;
		};
/* End XCConfigurationList section */

/* Begin XCRemoteSwiftPackageReference section */
		763424392C80838800AC40D1 /* XCRemoteSwiftPackageReference "Toast-Swift" */ = {
			isa = XCRemoteSwiftPackageReference;
			repositoryURL = "https://github.com/scalessec/Toast-Swift.git";
			requirement = {
				kind = upToNextMajorVersion;
				minimumVersion = 5.1.1;
			};
		};
		76560CB22C7F038D00B0D7F2 /* XCRemoteSwiftPackageReference "iamport-ios" */ = {
			isa = XCRemoteSwiftPackageReference;
			repositoryURL = "https://github.com/iamport/iamport-ios?tab=readme-ov-file";
			requirement = {
				kind = upToNextMajorVersion;
				minimumVersion = 1.4.2;
			};
		};
		76B0352D2C81627900074460 /* XCRemoteSwiftPackageReference "NaverMapSDKForSPM" */ = {
			isa = XCRemoteSwiftPackageReference;
			repositoryURL = "https://github.com/J0onYEong/NaverMapSDKForSPM.git";
			requirement = {
				kind = exactVersion;
				version = 1.0.0;
			};
		};
		76D60ADF2C782FB3008293D4 /* XCRemoteSwiftPackageReference "SnapKit" */ = {
			isa = XCRemoteSwiftPackageReference;
			repositoryURL = "https://github.com/SnapKit/SnapKit.git";
			requirement = {
				kind = upToNextMajorVersion;
				minimumVersion = 5.7.1;
			};
		};
		76D60AEB2C783540008293D4 /* XCRemoteSwiftPackageReference "Alamofire" */ = {
			isa = XCRemoteSwiftPackageReference;
			repositoryURL = "https://github.com/Alamofire/Alamofire.git";
			requirement = {
				kind = upToNextMajorVersion;
				minimumVersion = 5.9.1;
			};
		};
		76D60B002C78476E008293D4 /* XCRemoteSwiftPackageReference "RxSwift" */ = {
			isa = XCRemoteSwiftPackageReference;
			repositoryURL = "https://github.com/ReactiveX/RxSwift.git";
			requirement = {
				kind = upToNextMajorVersion;
				minimumVersion = 6.7.1;
			};
		};
		76F85F282C7C71AD00B98C2F /* XCRemoteSwiftPackageReference "Kingfisher" */ = {
			isa = XCRemoteSwiftPackageReference;
			repositoryURL = "https://github.com/onevcat/Kingfisher.git";
			requirement = {
				kind = upToNextMajorVersion;
				minimumVersion = 7.12.0;
			};
		};
/* End XCRemoteSwiftPackageReference section */

/* Begin XCSwiftPackageProductDependency section */
		7634243A2C80838800AC40D1 /* Toast */ = {
			isa = XCSwiftPackageProductDependency;
			package = 763424392C80838800AC40D1 /* XCRemoteSwiftPackageReference "Toast-Swift" */;
			productName = Toast;
		};
		76560CB32C7F038D00B0D7F2 /* iamport-ios */ = {
			isa = XCSwiftPackageProductDependency;
			package = 76560CB22C7F038D00B0D7F2 /* XCRemoteSwiftPackageReference "iamport-ios" */;
			productName = "iamport-ios";
		};
		76B0352E2C81627900074460 /* Junios.NMapSDKForSPM */ = {
			isa = XCSwiftPackageProductDependency;
			package = 76B0352D2C81627900074460 /* XCRemoteSwiftPackageReference "NaverMapSDKForSPM" */;
			productName = Junios.NMapSDKForSPM;
		};
		76D60AE02C782FB3008293D4 /* SnapKit */ = {
			isa = XCSwiftPackageProductDependency;
			package = 76D60ADF2C782FB3008293D4 /* XCRemoteSwiftPackageReference "SnapKit" */;
			productName = SnapKit;
		};
		76D60AEC2C783540008293D4 /* Alamofire */ = {
			isa = XCSwiftPackageProductDependency;
			package = 76D60AEB2C783540008293D4 /* XCRemoteSwiftPackageReference "Alamofire" */;
			productName = Alamofire;
		};
		76D60B012C78476E008293D4 /* RxCocoa */ = {
			isa = XCSwiftPackageProductDependency;
			package = 76D60B002C78476E008293D4 /* XCRemoteSwiftPackageReference "RxSwift" */;
			productName = RxCocoa;
		};
		76D60B032C78476E008293D4 /* RxSwift */ = {
			isa = XCSwiftPackageProductDependency;
			package = 76D60B002C78476E008293D4 /* XCRemoteSwiftPackageReference "RxSwift" */;
			productName = RxSwift;
		};
		76F85F292C7C71AD00B98C2F /* Kingfisher */ = {
			isa = XCSwiftPackageProductDependency;
			package = 76F85F282C7C71AD00B98C2F /* XCRemoteSwiftPackageReference "Kingfisher" */;
			productName = Kingfisher;
		};
/* End XCSwiftPackageProductDependency section */
	};
	rootObject = 76D371ED2C6C98F20066AB0A /* Project object */;
}
